github.com/DataDog/zstd v1.5.5 h1:oWf5W7GtOLgp6bciQYDmhHHjdhYkALu6S/5Ni9ZgSvQ=
github.com/DataDog/zstd v1.5.5/go.mod h1:g4AWEaM3yOg3HYfnJ3YIawPnVdXJh9QME85blwSAmyw=
github.com/andybalholm/brotli v1.0.5 h1:8uQZIdzKmjc/iuPu7O2ioW48L81FgatrcpfFmiq/cCs=
github.com/andybalholm/brotli v1.0.5/go.mod h1:fO7iG3H7G2nSZ7m0zPUDn85XEX2GTukHGRSepvi9Eig=
github.com/blacktop/lzfse-cgo v1.1.19 h1:1I/1y9/sjyDLomACLrR4f7GFJ1fTaIjhWb1PQrEtKiw=
github.com/blacktop/lzfse-cgo v1.1.19/go.mod h1:VoBC8Nle73KZg/4X9NW94jkFrQkNwQ18SMMu5ev8zSA=
github.com/cpuguy83/go-md2man/v2 v2.0.2 h1:p1EgwI/C7NhT0JmVkwCD2ZBK8j4aeHQX2pMHHBfMQ6w=
github.com/cpuguy83/go-md2man/v2 v2.0.2/go.mod h1:tgQtvFlXSQOSOSIRvRPT7W67SCa46tRHOmNcaadrF8o=
github.com/danielrh/go-xz v0.0.0-20180613074948-15f6c3b7b11f h1:YEygVrRfLRHjFX2X85RU00jBvxAXKEqg6PqnzA5P8Y8=
github.com/danielrh/go-xz v0.0.0-20180613074948-15f6c3b7b11f/go.mod h1:b979h8fvvUQbwHbyTQEdOjs6KbqdwUA2eMVQnjajlYg=
github.com/dataence/bytebuffer v0.0.0-20131118020616-f1bbd176b4c1 h1:SNKsBkGBfFYZHYXmPZC4a0oobzBh51D6fAoU8xXCZKI=
github.com/dataence/bytebuffer v0.0.0-20131118020616-f1bbd176b4c1/go.mod h1:0Nuz7QTp2QVgdjou5qNb347cDvOO/9F84/cO8g7Hc3A=
github.com/dataence/encoding v0.0.0-20171223221521-b90e310a0325 h1:+njj75WN9B804V0ONNSy/eVIMD252CIsES57PvWErng=
github.com/dataence/encoding v0.0.0-20171223221521-b90e310a0325/go.mod h1:STCKD0kuYvDnzoraNLshBwunq+/UQauzHke/r5BffZY=
github.com/davecgh/go-spew v1.1.1 h1:vj9j/u1bqnvCEfJOwUhtlOARqs3+rkHYY13jYWTU97c=
github.com/davecgh/go-spew v1.1.1/go.mod h1:J7Y8YcW2NihsgmVo/mv3lAwl/skON4iLHjSsI+c5H38=
github.com/google/brotli/go/cbrotli v0.0.0-20230810114601-9ff341daaf24 h1:Xhsso9+tv+1ROXvlqmGIqYKXMdy1KcDQ9wNCKH/OfQE=
github.com/google/brotli/go/cbrotli v0.0.0-20230810114601-9ff341daaf24/go.mod h1:nOPhAkwVliJdNTkj3gXpljmWhjc4wCaVqbMJcPKWP4s=
github.com/jwilder/encoding v0.0.0-20170811194829-b4e1701a28ef h1:2jNeR4YUziVtswNP9sEFAI913cVrzH85T+8Q6LpYbT0=
github.com/jwilder/encoding v0.0.0-20170811194829-b4e1701a28ef/go.mod h1:Ct9fl0F6iIOGgxJ5npU/IUOhOhqlVrGjyIZc8/MagT0=
github.com/keisku/gorilla v0.3.0 h1:TgBISceOKgWsZz+YFd6HLU9grdzfkRdd+W99hhSguXg=
github.com/keisku/gorilla v0.3.0/go.mod h1:OtkJI6bzYHAJcV6eWFcN/oyiHvh3hxcEZ0fV9qEn/xI=
github.com/pmezard/go-difflib v1.0.0 h1:4DBwDE0NGyQoBHbLQYPwSUPoCMWR5BEzIk/f1lZbAQM=
github.com/pmezard/go-difflib v1.0.0/go.mod h1:iKH77koFhYxTK1pcRnkKkqfTogsbg7gZNVY4sRDYZ/4=
github.com/russross/blackfriday/v2 v2.1.0 h1:JIOH55/0cWyOuilr9/qlrm0BSXldqnqwMsf35Ld67mk=
github.com/russross/blackfriday/v2 v2.1.0/go.mod h1:+Rmxgy9KzJVeS9/2gXHxylqXiyQDYRxCVz55jmeOWTM=
github.com/stretchr/testify v1.8.4 h1:CcVxjf3Q8PM0mHUKJCdn+eZZtm5yQwehR5yeSVQQcUk=
github.com/stretchr/testify v1.8.4/go.mod h1:sz/lmYIOXD/1dqDmKjjqLyZ2RngseejIcXlSw2iwfAo=
github.com/urfave/cli/v2 v2.25.7 h1:VAzn5oq403l5pHjc4OhD54+XGO9cdKVL/7lDjF+iKUs=
github.com/urfave/cli/v2 v2.25.7/go.mod h1:8qnjx1vcq5s2/wpsqoZFndg2CE5tNFyrTvS6SinrnYQ=
github.com/xrash/smetrics v0.0.0-20201216005158-039620a65673 h1:bAn7/zixMGCfxrRTfdpNzjtPYqr8smhKouy9mxVdGPU=
github.com/xrash/smetrics v0.0.0-20201216005158-039620a65673/go.mod h1:N3UwUGtsrSj3ccvlPHLoLsHnpR27oXr4ZE984MbSER8=
gopkg.in/check.v1 v0.0.0-20161208181325-20d25e280405 h1:yhCVgyC4o1eVCa2tZl7eS0r+SDo693bJlVdllGtEeKM=
gopkg.in/check.v1 v0.0.0-20161208181325-20d25e280405/go.mod h1:Co6ibVJAznAaIkqp8huTwlJQCZ016jof/cbN4VW5Yz0=
gopkg.in/yaml.v3 v3.0.1 h1:fxVm/GzAzEWqLHuvctI91KS9hhNmmWOoWu0XTYJS7CA=
gopkg.in/yaml.v3 v3.0.1/go.mod h1:K4uyk7z7BCEPqu6E+C64Yfv1cQ7kz7rIZviUmN+EgEM=
